
Microsoft Visual Studio Solution File, Format Version 12.00
# Visual Studio Version 16
VisualStudioVersion = 16.0.33927.289
MinimumVisualStudioVersion = 10.0.40219.1
Project("{FAE04EC0-301F-11D3-BF4B-00C04F79EFBC}") = "Goldbergalizer", "Goldbergalizer.csproj", "{8B49C07F-23D0-487A-9203-951F648B407F}"
EndProject
Global
	GlobalSection(SolutionConfigurationPlatforms) = preSolution
		Debug|Any CPU = Debug|Any CPU
		Release|Any CPU = Release|Any CPU
	EndGlobalSection
	GlobalSection(ProjectConfigurationPlatforms) = postSolution
		{8B49C07F-23D0-487A-9203-951F648B407F}.Debug|Any CPU.ActiveCfg = Debug|Any CPU
		{8B49C07F-23D0-487A-9203-951F648B407F}.Debug|Any CPU.Build.0 = Debug|Any CPU
		{8B49C07F-23D0-487A-9203-951F648B407F}.Release|Any CPU.ActiveCfg = Release|Any CPU
		{8B49C07F-23D0-487A-9203-951F648B407F}.Release|Any CPU.Build.0 = Release|Any CPU
	EndGlobalSection
	GlobalSection(SolutionProperties) = preSolution
		HideSolutionNode = FALSE
	EndGlobalSection
	GlobalSection(ExtensibilityGlobals) = postSolution
		SolutionGuid = {672E5C66-9004-46C2-B5D4-22257388495B}
	EndGlobalSection
EndGlobal
